<Solution>
  <Folder Name="/src/">
    <Project Path="src/NovaLive.Application/NovaLive.Application.csproj" />
    <Project Path="src/NovaLive.Contracts/NovaLive.Contracts.csproj" />
    <Project Path="src/NovaLive.CoreApi/NovaLive.CoreApi.csproj" />
    <Project Path="src/NovaLive.Domain/NovaLive.Domain.csproj" />
    <Project Path="src/NovaLive.Infrastructure/NovaLive.Infrastructure.csproj" />
    <Project Path="src/NovaLive.RealtimeApi/NovaLive.RealtimeApi.csproj" />
  </Folder>
</Solution>
